{
  "name": "hello",
  "version": "0.0.1",
  "lockfileVersion": 1,
  "requires": true,
  "dependencies": {
    "clightningjs": {
      "version": "0.1.1",
      "resolved": "https://registry.npmjs.org/clightningjs/-/clightningjs-0.1.1.tgz",
      "integrity": "sha512-r/poNODgYDJQZVU1X3lMirDCOD2Bw9XyPdjRXcOXAnHtSihf4OnO1c7iB82ots+2aExQnKuBk9JOE3QwY6FHOw=="
    }
  }
}
